Microsoft Visual Studio Solution File, Format Version 12.00
# Visual Studio 2012
Project("{FAE04EC0-301F-11D3-BF4B-00C04F79EFBC}") = "VOCHO-S remaster", "VOCHO-S remaster.csproj", "{BB9DE7F1-980C-4EDF-8326-D398D243CE74}"
EndProject
Global
	GlobalSection(SolutionConfigurationPlatforms) = preSolution
	Debug|Any CPU = Debug|Any CPU
	ExportDebug|Any CPU = ExportDebug|Any CPU
	ExportRelease|Any CPU = ExportRelease|Any CPU
	EndGlobalSection
	GlobalSection(ProjectConfigurationPlatforms) = postSolution
		{BB9DE7F1-980C-4EDF-8326-D398D243CE74}.Debug|Any CPU.ActiveCfg = Debug|Any CPU
		{BB9DE7F1-980C-4EDF-8326-D398D243CE74}.Debug|Any CPU.Build.0 = Debug|Any CPU
		{BB9DE7F1-980C-4EDF-8326-D398D243CE74}.ExportDebug|Any CPU.ActiveCfg = ExportDebug|Any CPU
		{BB9DE7F1-980C-4EDF-8326-D398D243CE74}.ExportDebug|Any CPU.Build.0 = ExportDebug|Any CPU
		{BB9DE7F1-980C-4EDF-8326-D398D243CE74}.ExportRelease|Any CPU.ActiveCfg = ExportRelease|Any CPU
		{BB9DE7F1-980C-4EDF-8326-D398D243CE74}.ExportRelease|Any CPU.Build.0 = ExportRelease|Any CPU
	EndGlobalSection
EndGlobal
